{
  "name": "lsp-typescript",
  "version": "0.0.1",
  "lockfileVersion": 1,
  "requires": true,
  "dependencies": {
    "command-exists": {
      "version": "1.2.6",
      "resolved": "https://registry.npmjs.org/command-exists/-/command-exists-1.2.6.tgz",
      "integrity": "sha512-Qst/zUUNmS/z3WziPxyqjrcz09pm+2Knbs5mAZL4VAE0sSrNY1/w8+/YxeHcoBTsO6iojA6BW7eFf27Eg2MRuw=="
    },
    "commander": {
      "version": "2.20.3",
      "resolved": "https://registry.npmjs.org/commander/-/commander-2.20.3.tgz",
      "integrity": "sha512-GpVkmM8vF2vQUkj2LvZmD35JxeJOLCwJ9cUkugyk2nuhbv3+mJvpLYYt+0+USMxE+oj+ey/lJEnhZw75x/OMcQ=="
    },
    "crypto-random-string": {
      "version": "1.0.0",
      "resolved": "https://registry.npmjs.org/crypto-random-string/-/crypto-random-string-1.0.0.tgz",
      "integrity": "sha1-ojD2T1aDEOFJgAmUB5DsmVRbyn4="
    },
    "fs-extra": {
      "version": "7.0.1",
      "resolved": "https://registry.npmjs.org/fs-extra/-/fs-extra-7.0.1.tgz",
      "integrity": "sha512-YJDaCJZEnBmcbw13fvdAM9AwNOJwOzrE4pqMqBq5nFiEqXUqHwlK4B+3pUw6JNvfSPtX05xFHtYy/1ni01eGCw==",
      "requires": {
        "graceful-fs": "^4.1.2",
        "jsonfile": "^4.0.0",
        "universalify": "^0.1.0"
      }
    },
    "graceful-fs": {
      "version": "4.2.2",
      "resolved": "https://registry.npmjs.org/graceful-fs/-/graceful-fs-4.2.2.tgz",
      "integrity": "sha512-IItsdsea19BoLC7ELy13q1iJFNmd7ofZH5+X/pJr90/nRoPEX0DJo1dHDbgtYWOhJhcCgMDTOw84RZ72q6lB+Q=="
    },
    "jsonfile": {
      "version": "4.0.0",
      "resolved": "https://registry.npmjs.org/jsonfile/-/jsonfile-4.0.0.tgz",
      "integrity": "sha1-h3Gq4HmbZAdrdmQPygWPnBDjPss=",
      "requires": {
        "graceful-fs": "^4.1.6"
      }
    },
    "p-debounce": {
      "version": "1.0.0",
      "resolved": "https://registry.npmjs.org/p-debounce/-/p-debounce-1.0.0.tgz",
      "integrity": "sha1-y38svu/YegnrqGHhErZ1J+Yh4v0="
    },
    "temp-dir": {
      "version": "1.0.0",
      "resolved": "https://registry.npmjs.org/temp-dir/-/temp-dir-1.0.0.tgz",
      "integrity": "sha1-CnwOom06Oa+n4OvqnB/AvE2qAR0="
    },
    "tempy": {
      "version": "0.2.1",
      "resolved": "https://registry.npmjs.org/tempy/-/tempy-0.2.1.tgz",
      "integrity": "sha512-LB83o9bfZGrntdqPuRdanIVCPReam9SOZKW0fOy5I9X3A854GGWi0tjCqoXEk84XIEYBc/x9Hq3EFop/H5wJaw==",
      "requires": {
        "temp-dir": "^1.0.0",
        "unique-string": "^1.0.0"
      }
    },
    "typescript": {
      "version": "3.6.4",
      "resolved": "https://registry.npmjs.org/typescript/-/typescript-3.6.4.tgz",
      "integrity": "sha512-unoCll1+l+YK4i4F8f22TaNVPRHcD9PA3yCuZ8g5e0qGqlVlJ/8FSateOLLSagn+Yg5+ZwuPkL8LFUc0Jcvksg=="
    },
    "typescript-eslint-language-service": {
      "version": "1.4.0",
      "resolved": "https://registry.npmjs.org/typescript-eslint-language-service/-/typescript-eslint-language-service-1.4.0.tgz",
      "integrity": "sha512-tukb/z5Koi1wPkTl/BrRYNg2SdKX2YaBeZhG+7mr7Z7js4KYxs1HnmsqWV20QgEwFSYe8JbGlfmZJoM3adiPlA=="
    },
    "typescript-language-server": {
      "version": "0.4.0",
      "resolved": "https://registry.npmjs.org/typescript-language-server/-/typescript-language-server-0.4.0.tgz",
      "integrity": "sha512-K8jNOmDFn+QfrCh8ujby2pGDs5rpjYZQn+zvQnf42rxG4IHbfw5CHoMvbGkWPK/J5Gw8/l5K3i03kVZC2IBElg==",
      "requires": {
        "command-exists": "1.2.6",
        "commander": "^2.11.0",
        "fs-extra": "^7.0.0",
        "p-debounce": "^1.0.0",
        "tempy": "^0.2.1",
        "vscode-languageserver": "^5.3.0-next",
        "vscode-uri": "^1.0.5"
      },
      "dependencies": {
        "vscode-jsonrpc": {
          "version": "5.0.0-next.2",
          "resolved": "https://registry.npmjs.org/vscode-jsonrpc/-/vscode-jsonrpc-5.0.0-next.2.tgz",
          "integrity": "sha512-Q3/jabZUNviCG9hhF6hHWjhrABevPF9mv0aiE2j8BYCAP2k+aHTpjMyk+04MzaAqWYwXdQuZkLSbcYCCqbzJLg=="
        },
        "vscode-languageserver": {
          "version": "5.3.0-next.10",
          "resolved": "https://registry.npmjs.org/vscode-languageserver/-/vscode-languageserver-5.3.0-next.10.tgz",
          "integrity": "sha512-QL7Fe1FT6PdLtVzwJeZ78pTic4eZbzLRy7yAQgPb9xalqqgZESR0+yDZPwJrM3E7PzOmwHBceYcJR54eQZ7Kng==",
          "requires": {
            "vscode-languageserver-protocol": "^3.15.0-next.8",
            "vscode-textbuffer": "^1.0.0"
          }
        },
        "vscode-languageserver-protocol": {
          "version": "3.15.0-next.9",
          "resolved": "https://registry.npmjs.org/vscode-languageserver-protocol/-/vscode-languageserver-protocol-3.15.0-next.9.tgz",
          "integrity": "sha512-b9PAxouMmtsLEe8ZjbIMPb7wRWPhckGfgjwZLmp/dWnaAuRPYtY3lGO0/rNbLc3jKIqCVlnEyYVFKalzDAzj0g==",
          "requires": {
            "vscode-jsonrpc": "^5.0.0-next.2",
            "vscode-languageserver-types": "^3.15.0-next.5"
          }
        },
        "vscode-languageserver-types": {
          "version": "3.15.0-next.5",
          "resolved": "https://registry.npmjs.org/vscode-languageserver-types/-/vscode-languageserver-types-3.15.0-next.5.tgz",
          "integrity": "sha512-7hrELhTeWieUgex3+6692KjCkcmO/+V/bFItM5MHGcBotzwmjEuXjapLLYTYhIspuJ1ibRSik5MhX5YwLpsPiw=="
        }
      }
    },
    "unique-string": {
      "version": "1.0.0",
      "resolved": "https://registry.npmjs.org/unique-string/-/unique-string-1.0.0.tgz",
      "integrity": "sha1-nhBXzKhRq7kzmPizOuGHuZyuwRo=",
      "requires": {
        "crypto-random-string": "^1.0.0"
      }
    },
    "universalify": {
      "version": "0.1.2",
      "resolved": "https://registry.npmjs.org/universalify/-/universalify-0.1.2.tgz",
      "integrity": "sha512-rBJeI5CXAlmy1pV+617WB9J63U6XcazHHF2f2dbJix4XzpUF0RS3Zbj0FGIOCAva5P/d/GBOYaACQ1w+0azUkg=="
    },
    "vscode-textbuffer": {
      "version": "1.0.0",
      "resolved": "https://registry.npmjs.org/vscode-textbuffer/-/vscode-textbuffer-1.0.0.tgz",
      "integrity": "sha512-zPaHo4urgpwsm+PrJWfNakolRpryNja18SUip/qIIsfhuEqEIPEXMxHOlFPjvDC4JgTaimkncNW7UMXRJTY6ow=="
    },
    "vscode-uri": {
      "version": "1.0.8",
      "resolved": "https://registry.npmjs.org/vscode-uri/-/vscode-uri-1.0.8.tgz",
      "integrity": "sha512-obtSWTlbJ+a+TFRYGaUumtVwb+InIUVI0Lu0VBUAPmj2cU5JutEXg3xUE0c2J5Tcy7h2DEKVJBFi+Y9ZSFzzPQ=="
    }
  }
}
