{
  "name": "lsp-typescript",
  "lockfileVersion": 2,
  "requires": true,
  "packages": {
    "": {
      "name": "lsp-typescript",
      "dependencies": {
        "typescript": "5.0.2",
        "typescript-language-server": "3.3.0"
      }
    },
    "node_modules/typescript": {
      "version": "5.0.2",
      "resolved": "https://registry.npmjs.org/typescript/-/typescript-5.0.2.tgz",
      "integrity": "sha512-wVORMBGO/FAs/++blGNeAVdbNKtIh1rbBL2EyQ1+J9lClJ93KiiKe8PmFIVdXhHcyv44SL9oglmfeSsndo0jRw==",
      "bin": {
        "tsc": "bin/tsc",
        "tsserver": "bin/tsserver"
      },
      "engines": {
        "node": ">=12.20"
      }
    },
    "node_modules/typescript-language-server": {
      "version": "3.3.0",
      "resolved": "https://registry.npmjs.org/typescript-language-server/-/typescript-language-server-3.3.0.tgz",
      "integrity": "sha512-dwHmsXWMqCFJ44XTzrmpq6yIjmprGlh3NUSc6zs1YU63ZFPEyn+K3+66misKrISJ4UfmBpugJmFUtQrik7PuvQ==",
      "bin": {
        "typescript-language-server": "lib/cli.mjs"
      },
      "engines": {
        "node": ">=14.17"
      }
    }
  },
  "dependencies": {
    "typescript": {
      "version": "5.0.2",
      "resolved": "https://registry.npmjs.org/typescript/-/typescript-5.0.2.tgz",
      "integrity": "sha512-wVORMBGO/FAs/++blGNeAVdbNKtIh1rbBL2EyQ1+J9lClJ93KiiKe8PmFIVdXhHcyv44SL9oglmfeSsndo0jRw=="
    },
    "typescript-language-server": {
      "version": "3.3.0",
      "resolved": "https://registry.npmjs.org/typescript-language-server/-/typescript-language-server-3.3.0.tgz",
      "integrity": "sha512-dwHmsXWMqCFJ44XTzrmpq6yIjmprGlh3NUSc6zs1YU63ZFPEyn+K3+66misKrISJ4UfmBpugJmFUtQrik7PuvQ=="
    }
  }
}
