{
  "name": "lsp-typescript",
  "lockfileVersion": 2,
  "requires": true,
  "packages": {
    "": {
      "name": "lsp-typescript",
      "dependencies": {
        "typescript": "5.0.4",
        "typescript-language-server": "3.3.2"
      }
    },
    "node_modules/typescript": {
      "version": "5.0.4",
      "resolved": "https://registry.npmjs.org/typescript/-/typescript-5.0.4.tgz",
      "integrity": "sha512-cW9T5W9xY37cc+jfEnaUvX91foxtHkza3Nw3wkoF4sSlKn0MONdkdEndig/qPBWXNkmplh3NzayQzCiHM4/hqw==",
      "bin": {
        "tsc": "bin/tsc",
        "tsserver": "bin/tsserver"
      },
      "engines": {
        "node": ">=12.20"
      }
    },
    "node_modules/typescript-language-server": {
      "version": "3.3.2",
      "resolved": "https://registry.npmjs.org/typescript-language-server/-/typescript-language-server-3.3.2.tgz",
      "integrity": "sha512-jzun53CIkTbpAki0nP+hk5baGW+86SNNlVhyIj2ZUy45zUkCnmoetWuAtfRRQYrlIr8x4QB3ymGJPuwDQSd/ew==",
      "bin": {
        "typescript-language-server": "lib/cli.mjs"
      },
      "engines": {
        "node": ">=14.17"
      }
    }
  },
  "dependencies": {
    "typescript": {
      "version": "5.0.4",
      "resolved": "https://registry.npmjs.org/typescript/-/typescript-5.0.4.tgz",
      "integrity": "sha512-cW9T5W9xY37cc+jfEnaUvX91foxtHkza3Nw3wkoF4sSlKn0MONdkdEndig/qPBWXNkmplh3NzayQzCiHM4/hqw=="
    },
    "typescript-language-server": {
      "version": "3.3.2",
      "resolved": "https://registry.npmjs.org/typescript-language-server/-/typescript-language-server-3.3.2.tgz",
      "integrity": "sha512-jzun53CIkTbpAki0nP+hk5baGW+86SNNlVhyIj2ZUy45zUkCnmoetWuAtfRRQYrlIr8x4QB3ymGJPuwDQSd/ew=="
    }
  }
}
